{
  "version": 4,
  "terraform_version": "1.14.7",
  "serial": 27,
  "lineage": "80d82365-7a20-d869-2169-425d36ba978d",
  "outputs": {
    "acr_admin_password": {
      "value": "8B89rjHg0z7ve7I0dx5NCh63NO3vEs5tJDFTzsBHj2R9mD3n7PBWJQQJ99CCAC8vTInEqg7NAAACAZCRkEuH",
      "type": "string",
      "sensitive": true
    },
    "acr_admin_username": {
      "value": "acrcp25387zf1i",
      "type": "string"
    },
    "acr_login_server": {
      "value": "acrcp25387zf1i.azurecr.io",
      "type": "string"
    },
    "acr_name": {
      "value": "acrcp25387zf1i",
      "type": "string"
    },
    "admin_username": {
      "value": "azureuser",
      "type": "string"
    },
    "aks_cluster_name": {
      "value": "aks-casopractico2",
      "type": "string"
    },
    "ansible_inventory": {
      "value": "[webservers]\r\n20.69.158.189 ansible_user=azureuser ansible_ssh_private_key_file=../ssh_key.pem ansible_ssh_common_args='-o StrictHostKeyChecking=no'\r\n",
      "type": "string"
    },
    "private_key": {
      "value": "-----BEGIN RSA PRIVATE KEY-----\nMIIJKgIBAAKCAgEAzSNkp/nHaXysInjj9oFfwoBi9QZvAPb8yAZPsEPRkm+sfb5N\nV7ZpldvdXZh2bIvCpZKsmDZZu9iJAsYtxkYUzox/beYgrCp8t1X4NiTuzVLKlYCB\nfDdHXHMvg1Rdf/AXk+tbnJLFo5b4RbO2bSrWZc+hm4JaPdSabL0Ufl/MXZ/aRrHQ\n7Ayvxq5v12pE2c02X0KSvK3CO+YLDtc9TMoDMIo2dOdeW+l6E++bhvF5S8LiP11u\nwaJYn8lDqOjovtJDIU+KKrsxyeZy9lrsYLRDd4L9sKo2r5dB5h8cSQ6yIZ+gC3e2\nT7m8VBC9qgUAcslCH3ASxea4QjDZywLVQrmCZisx+tBFHnqT5PudZDjg5/ypjDMH\nE4O4cY1iJ6fI1N8o0iqbmKhQQEggUPREviorMWbzToKxVm3anFYKWjYXj4bp2W4I\nIrgco1x7fHoYaF812IEOPOXzE+PZhnzFpaqhlpGIzElZ+ddf0jqoKI+CIXUY4ELB\nqKbodHgaE4SH4c6cF2eIEGryD6LhpOlJ37Z1D/UcJ1uJGuEsbjkdskhtKbmytWwE\nBtQwoX0XZpVzezRNmDtocTFUfEDKnH3ge/0GgfGoMXcQqgdiAJIC++F+pt8yKvg7\niuLST5av++M+j4n6+lqneVcNpPqToOMkcBEdM7jjonctcQWGHf5OBd6p5IMCAwEA\nAQKCAgBLTX5CITE/+lmP7/OyxgwacJmi24E9B+2EGbj/+e1BBYh6wjRPCfGZZtPM\na06xit5hfEWqPG1VROgKoigkfA5gQff3Jj6BJLmSbVcHvSgCLC2cksc1i29BMzFS\nUtJdyAtHq+J9x+0QH7e0koNZcJuyVPU8ii3JO7WSTBhtSYpSJf9w6w5H0GJoGxmI\nKITstOWMM3p9E4XVCh2uDXn9qbxhAaN654HeWIcNMWxUrWi61GfMHeat4wQIZ8/T\n/eeOQM4OuM194SimNlemMntKBnIruWSaCOm5LFuu92WhNelS6W9NNl0wx/wnmdud\nwWdIO7PvqWrixc6G0brpSHlznHiOk0gTpcsc/lam1OMtRz1Ct/bHlmGFYz38D/cp\nhxeAyfx4CseYu8N40ZcXCPqwhBAEpc5HH0oc+FMfWPxrRpHmccMbUD/nyYbdRD0E\nghJU2IRrslcB2fVV8r8qqhTCSiQW4CfJtK/ANPMvc2GyqLmv/e8EaRNYN4scfNdn\n/X62Ivs4wiNiYoJ3pNjfpKcymb9Dv2RB1yS0Odedgvw2wCDMxsTumL/vWyzS8bVW\n68Px8fYvGL8Wn27YTVM57qf00YtiWOwO7VPJTlEIRq/fUeLEtSGYqV3J6Z1RU+S7\nZ9PJU0VuX2cM60E0RW0w7fKPs8UiC1c7xrVUkuGg8mF3eNJadQKCAQEA8BY/+42l\nS4uygxmHLUpqoKf61t9y+gN4eDrpOH8UBPxNVekuA9KrEYcUT074kZOaxJPzHZQf\ngAYCLEBDKoeewSkCfXT6AmUB9mpY8YECZFqFTrR93fHPxlbCpatisr9mVyca0w/p\n2f/BMrzxwqHDw+/aywz96w8/jsZfZ5CVZ6TG5dko4xFNDLfmw1dL47gDeHPVQ9oy\nioOgwb9WLMjzwlycmMBoH2ztbH71dMhvKoFsBMIrkN7Y0iUGJNgwSBy8Bo+6Ru07\n76VWZEvk+tBDVR656wKzwXWMhx93IUbpbI355gosTex7PfYHzXuhP5jviteBsIn6\nQo04GE8W/8WX1wKCAQEA2rwkEtDYHTeXU87rUONYk2dyIxchY5os3lEjZI5fy1JH\nXWL65q0stKZJdf+HpVLt6OMS/z5hXd7SOvzvor1R1DFbyn46OdYkEjo6IQ9QiiBr\n0U0Ihl9IJbw2WkLb6ji449iKZgprMsuLHcukKm9scH0I+mtPE8XhydXmbPgyO8fH\nHrEz4d83Kvwn9VyWYK64clXkRXdmN7+bskqrzoTeRYJsmI/Qn2fdDIho27m1VGVn\nq/jGPbhuOB8EK9ctJS5Cx1Ip4u82X9v2+/X3030pabvzvHzsx+OQn+1m9janVS7M\nGkxfExPmBo5jUZBhJaBRhNQYf2qBCI1/nuXTqdeTNQKCAQEAyeocg2YcBw4E4sb8\nbbWxOU4s4rtoCiYTEiKRdAdEAfFi5QbHwUVSw9nz1cNXv68AsaSwCUdCurvS5f5h\nvonylQb1ZieT/6GNZf0IsotKRLXweUHIvXkZwffDmesqhaP84P0tTSaMCOBUTmSj\neonrh4TYYH6bqi3XyS7Cm+n4DQOCl1nsThOF1lVvyQdI9soSeSIJ0RfX+7A56dgO\nFHoor2SN+tWOfCdzAhVAP6g1/ex8uP/H/f29IfcrVJ9Q88TeyTHlerMX/jLyFkXR\n3LJ8fkDqIWDTZreCqT1oRl9J/xbkfXg+zIY/G9wnscPw1/i6NO2Lz7oq8/+qlp8l\ne5RlXwKCAQEArrZWbf0IkhXENrnxNZPSPTMEdMjV75PHQPA4P+qE04dt30bfN3+d\nVNH5nVm0hDYAN+OgWeX+qZb//wPneOqVQNMICW7XnTjRaQm/QobUAvAwjmZkZ8gV\nfaafF2uN8sDJ1Zwxt52c0F7KSMtO3mJPkG4ezL8H07hcR/Ylbma04REKmBZcZY8A\npsHwPMhuiN0mEJVQlrfvGppeh4OjRXrVe1nY2ecNcTXp10fh0Ze9IaM5sqAr4EK/\nLu5/S3E86xTPXBvhvxTpLpoo5koqYG/5sy3gWm7CRksbStK6SfGPqLePaXYU/s0H\nD7eN1ylmn0I1us4anzN3y1gSVt4mOeQp/QKCAQEAthgHAYtTz6ZSQy62z+9l1sWr\nOCwe7TemcuOrj5kByVaxbLhNpJI8R0L6nql2hRwlpSuQc3RWDbQqxNSOdEd+SzKa\nmqi4Sqpvbues7gQMJreHx35hE6WgNnNJHKZa8QY5wedNbliVUVGUQBdYVpOt8Wu2\nW5m8w7JjJO6CvmHaIKX8uXnp5ELQBd+KEKYnpUfmb93KuvkWHARSwBebbM2Wm18L\nBLH8UiHbo3Eo4AXmJPhkqi+Tuzirnyrkq8s8Si9lx3hUGd7HKNqUI3eH71UrKouc\nvZ2Drmv0squ1hu1fZtgzLyUkWfv+BiUCT6YXI9aX/Tenq6iw2P08tSymasRngg==\n-----END RSA PRIVATE KEY-----\n",
      "type": "string",
      "sensitive": true
    },
    "public_ip": {
      "value": "20.69.158.189",
      "type": "string"
    }
  },
  "resources": [
    {
      "mode": "managed",
      "type": "azurerm_container_registry",
      "name": "acr",
      "provider": "provider[\"registry.terraform.io/hashicorp/azurerm\"]",
      "instances": [
        {
          "schema_version": 2,
          "attributes": {
            "admin_enabled": true,
            "admin_password": "8B89rjHg0z7ve7I0dx5NCh63NO3vEs5tJDFTzsBHj2R9mD3n7PBWJQQJ99CCAC8vTInEqg7NAAACAZCRkEuH",
            "admin_username": "acrcp25387zf1i",
            "anonymous_pull_enabled": false,
            "data_endpoint_enabled": false,
            "encryption": [
              {
                "enabled": false,
                "identity_client_id": "",
                "key_vault_key_id": ""
              }
            ],
            "export_policy_enabled": true,
            "georeplications": [],
            "id": "/subscriptions/1b7536bb-1677-42c5-ac78-9e801bffa2fc/resourceGroups/rg-podman-nginx/providers/Microsoft.ContainerRegistry/registries/acrcp25387zf1i",
            "identity": [],
            "location": "westus2",
            "login_server": "acrcp25387zf1i.azurecr.io",
            "name": "acrcp25387zf1i",
            "network_rule_bypass_option": "AzureServices",
            "network_rule_set": [],
            "public_network_access_enabled": true,
            "quarantine_policy_enabled": false,
            "resource_group_name": "rg-podman-nginx",
            "retention_policy": [
              {
                "days": 7,
                "enabled": false
              }
            ],
            "sku": "Basic",
            "tags": {},
            "timeouts": null,
            "trust_policy": [
              {
                "enabled": false
              }
            ],
            "zone_redundancy_enabled": false
          },
          "sensitive_attributes": [
            [
              {
                "type": "get_attr",
                "value": "admin_password"
              }
            ]
          ],
          "identity_schema_version": 0,
          "private": "eyJlMmJmYjczMC1lY2FhLTExZTYtOGY4OC0zNDM2M2JjN2M0YzAiOnsiY3JlYXRlIjoxODAwMDAwMDAwMDAwLCJkZWxldGUiOjE4MDAwMDAwMDAwMDAsInJlYWQiOjMwMDAwMDAwMDAwMCwidXBkYXRlIjoxODAwMDAwMDAwMDAwfSwic2NoZW1hX3ZlcnNpb24iOiIyIn0=",
          "dependencies": [
            "azurerm_resource_group.rg",
            "random_string.acr_suffix"
          ]
        }
      ]
    },
    {
      "mode": "managed",
      "type": "azurerm_linux_virtual_machine",
      "name": "vm",
      "provider": "provider[\"registry.terraform.io/hashicorp/azurerm\"]",
      "instances": [
        {
          "schema_version": 0,
          "attributes": {
            "additional_capabilities": [],
            "admin_password": null,
            "admin_ssh_key": [
              {
                "public_key": "ssh-rsa AAAAB3NzaC1yc2EAAAADAQABAAACAQDNI2Sn+cdpfKwieOP2gV/CgGL1Bm8A9vzIBk+wQ9GSb6x9vk1XtmmV291dmHZsi8KlkqyYNlm72IkCxi3GRhTOjH9t5iCsKny3Vfg2JO7NUsqVgIF8N0dccy+DVF1/8BeT61ucksWjlvhFs7ZtKtZlz6Gbglo91JpsvRR+X8xdn9pGsdDsDK/Grm/XakTZzTZfQpK8rcI75gsO1z1MygMwijZ0515b6XoT75uG8XlLwuI/XW7BolifyUOo6Oi+0kMhT4oquzHJ5nL2WuxgtEN3gv2wqjavl0HmHxxJDrIhn6ALd7ZPubxUEL2qBQByyUIfcBLF5rhCMNnLAtVCuYJmKzH60EUeepPk+51kOODn/KmMMwcTg7hxjWInp8jU3yjSKpuYqFBASCBQ9ES+KisxZvNOgrFWbdqcVgpaNhePhunZbggiuByjXHt8ehhoXzXYgQ485fMT49mGfMWlqqGWkYjMSVn511/SOqgoj4IhdRjgQsGopuh0eBoThIfhzpwXZ4gQavIPouGk6UnftnUP9RwnW4ka4SxuOR2ySG0pubK1bAQG1DChfRdmlXN7NE2YO2hxMVR8QMqcfeB7/QaB8agxdxCqB2IAkgL74X6m3zIq+DuK4tJPlq/74z6Pifr6Wqd5Vw2k+pOg4yRwER0zuOOidy1xBYYd/k4F3qnkgw==\n",
                "username": "azureuser"
              }
            ],
            "admin_username": "azureuser",
            "allow_extension_operations": true,
            "availability_set_id": "",
            "boot_diagnostics": [],
            "bypass_platform_safety_checks_on_user_schedule_enabled": false,
            "capacity_reservation_group_id": "",
            "computer_name": "vm-podman-nginx",
            "custom_data": null,
            "dedicated_host_group_id": "",
            "dedicated_host_id": "",
            "disable_password_authentication": true,
            "disk_controller_type": "SCSI",
            "edge_zone": "",
            "encryption_at_host_enabled": false,
            "eviction_policy": "",
            "extensions_time_budget": "PT1H30M",
            "gallery_application": [],
            "id": "/subscriptions/1b7536bb-1677-42c5-ac78-9e801bffa2fc/resourceGroups/rg-podman-nginx/providers/Microsoft.Compute/virtualMachines/vm-podman-nginx",
            "identity": [],
            "license_type": "",
            "location": "westus2",
            "max_bid_price": -1,
            "name": "vm-podman-nginx",
            "network_interface_ids": [
              "/subscriptions/1b7536bb-1677-42c5-ac78-9e801bffa2fc/resourceGroups/rg-podman-nginx/providers/Microsoft.Network/networkInterfaces/nic-podman-vm"
            ],
            "os_disk": [
              {
                "caching": "ReadWrite",
                "diff_disk_settings": [],
                "disk_encryption_set_id": "",
                "disk_size_gb": 30,
                "name": "vm-podman-nginx_OsDisk_1_ab722459c91e458c948ab5968d2b7b20",
                "secure_vm_disk_encryption_set_id": "",
                "security_encryption_type": "",
                "storage_account_type": "Standard_LRS",
                "write_accelerator_enabled": false
              }
            ],
            "os_image_notification": [],
            "patch_assessment_mode": "ImageDefault",
            "patch_mode": "ImageDefault",
            "plan": [],
            "platform_fault_domain": -1,
            "priority": "Regular",
            "private_ip_address": "10.0.1.4",
            "private_ip_addresses": [
              "10.0.1.4"
            ],
            "provision_vm_agent": true,
            "proximity_placement_group_id": "",
            "public_ip_address": "20.69.158.189",
            "public_ip_addresses": [
              "20.69.158.189"
            ],
            "reboot_setting": "",
            "resource_group_name": "rg-podman-nginx",
            "secret": [],
            "secure_boot_enabled": true,
            "size": "Standard_D2s_v3",
            "source_image_id": "",
            "source_image_reference": [
              {
                "offer": "ubuntu-24_04-lts",
                "publisher": "Canonical",
                "sku": "server",
                "version": "latest"
              }
            ],
            "tags": {},
            "termination_notification": [],
            "timeouts": null,
            "user_data": "",
            "virtual_machine_id": "3187b323-d451-4f3a-a923-1d31478121c9",
            "virtual_machine_scale_set_id": "",
            "vm_agent_platform_updates_enabled": false,
            "vtpm_enabled": true,
            "zone": ""
          },
          "sensitive_attributes": [
            [
              {
                "type": "get_attr",
                "value": "admin_password"
              }
            ],
            [
              {
                "type": "get_attr",
                "value": "custom_data"
              }
            ]
          ],
          "identity_schema_version": 0,
          "private": "eyJlMmJmYjczMC1lY2FhLTExZTYtOGY4OC0zNDM2M2JjN2M0YzAiOnsiY3JlYXRlIjoyNzAwMDAwMDAwMDAwLCJkZWxldGUiOjI3MDAwMDAwMDAwMDAsInJlYWQiOjMwMDAwMDAwMDAwMCwidXBkYXRlIjoyNzAwMDAwMDAwMDAwfX0=",
          "dependencies": [
            "azurerm_network_interface.nic",
            "azurerm_public_ip.pip",
            "azurerm_resource_group.rg",
            "azurerm_subnet.subnet",
            "azurerm_virtual_network.vnet",
            "tls_private_key.ssh"
          ]
        }
      ]
    },
    {
      "mode": "managed",
      "type": "azurerm_network_interface",
      "name": "nic",
      "provider": "provider[\"registry.terraform.io/hashicorp/azurerm\"]",
      "instances": [
        {
          "schema_version": 0,
          "attributes": {
            "accelerated_networking_enabled": false,
            "applied_dns_servers": [],
            "auxiliary_mode": "",
            "auxiliary_sku": "",
            "dns_servers": [],
            "edge_zone": "",
            "enable_accelerated_networking": false,
            "enable_ip_forwarding": false,
            "id": "/subscriptions/1b7536bb-1677-42c5-ac78-9e801bffa2fc/resourceGroups/rg-podman-nginx/providers/Microsoft.Network/networkInterfaces/nic-podman-vm",
            "internal_dns_name_label": "",
            "internal_domain_name_suffix": "isxv3romprdetnlspt3c5zl3cf.xx.internal.cloudapp.net",
            "ip_configuration": [
              {
                "gateway_load_balancer_frontend_ip_configuration_id": "",
                "name": "internal",
                "primary": true,
                "private_ip_address": "10.0.1.4",
                "private_ip_address_allocation": "Dynamic",
                "private_ip_address_version": "IPv4",
                "public_ip_address_id": "/subscriptions/1b7536bb-1677-42c5-ac78-9e801bffa2fc/resourceGroups/rg-podman-nginx/providers/Microsoft.Network/publicIPAddresses/pip-podman-vm",
                "subnet_id": "/subscriptions/1b7536bb-1677-42c5-ac78-9e801bffa2fc/resourceGroups/rg-podman-nginx/providers/Microsoft.Network/virtualNetworks/vnet-podman/subnets/subnet-podman"
              }
            ],
            "ip_forwarding_enabled": false,
            "location": "westus2",
            "mac_address": "00-0D-3A-C5-AD-62",
            "name": "nic-podman-vm",
            "private_ip_address": "10.0.1.4",
            "private_ip_addresses": [
              "10.0.1.4"
            ],
            "resource_group_name": "rg-podman-nginx",
            "tags": {},
            "timeouts": null,
            "virtual_machine_id": "/subscriptions/1b7536bb-1677-42c5-ac78-9e801bffa2fc/resourceGroups/rg-podman-nginx/providers/Microsoft.Compute/virtualMachines/vm-podman-nginx"
          },
          "sensitive_attributes": [],
          "identity_schema_version": 0,
          "private": "eyJlMmJmYjczMC1lY2FhLTExZTYtOGY4OC0zNDM2M2JjN2M0YzAiOnsiY3JlYXRlIjoxODAwMDAwMDAwMDAwLCJkZWxldGUiOjE4MDAwMDAwMDAwMDAsInJlYWQiOjMwMDAwMDAwMDAwMCwidXBkYXRlIjoxODAwMDAwMDAwMDAwfX0=",
          "dependencies": [
            "azurerm_public_ip.pip",
            "azurerm_resource_group.rg",
            "azurerm_subnet.subnet",
            "azurerm_virtual_network.vnet"
          ]
        }
      ]
    },
    {
      "mode": "managed",
      "type": "azurerm_network_interface_security_group_association",
      "name": "nsg_assoc",
      "provider": "provider[\"registry.terraform.io/hashicorp/azurerm\"]",
      "instances": [
        {
          "schema_version": 0,
          "attributes": {
            "id": "/subscriptions/1b7536bb-1677-42c5-ac78-9e801bffa2fc/resourceGroups/rg-podman-nginx/providers/Microsoft.Network/networkInterfaces/nic-podman-vm|/subscriptions/1b7536bb-1677-42c5-ac78-9e801bffa2fc/resourceGroups/rg-podman-nginx/providers/Microsoft.Network/networkSecurityGroups/nsg-podman-vm",
            "network_interface_id": "/subscriptions/1b7536bb-1677-42c5-ac78-9e801bffa2fc/resourceGroups/rg-podman-nginx/providers/Microsoft.Network/networkInterfaces/nic-podman-vm",
            "network_security_group_id": "/subscriptions/1b7536bb-1677-42c5-ac78-9e801bffa2fc/resourceGroups/rg-podman-nginx/providers/Microsoft.Network/networkSecurityGroups/nsg-podman-vm",
            "timeouts": null
          },
          "sensitive_attributes": [],
          "identity_schema_version": 0,
          "private": "eyJlMmJmYjczMC1lY2FhLTExZTYtOGY4OC0zNDM2M2JjN2M0YzAiOnsiY3JlYXRlIjoxODAwMDAwMDAwMDAwLCJkZWxldGUiOjE4MDAwMDAwMDAwMDAsInJlYWQiOjMwMDAwMDAwMDAwMH19",
          "dependencies": [
            "azurerm_network_interface.nic",
            "azurerm_network_security_group.nsg",
            "azurerm_public_ip.pip",
            "azurerm_resource_group.rg",
            "azurerm_subnet.subnet",
            "azurerm_virtual_network.vnet"
          ]
        }
      ]
    },
    {
      "mode": "managed",
      "type": "azurerm_network_security_group",
      "name": "nsg",
      "provider": "provider[\"registry.terraform.io/hashicorp/azurerm\"]",
      "instances": [
        {
          "schema_version": 0,
          "attributes": {
            "id": "/subscriptions/1b7536bb-1677-42c5-ac78-9e801bffa2fc/resourceGroups/rg-podman-nginx/providers/Microsoft.Network/networkSecurityGroups/nsg-podman-vm",
            "location": "westus2",
            "name": "nsg-podman-vm",
            "resource_group_name": "rg-podman-nginx",
            "security_rule": [
              {
                "access": "Allow",
                "description": "",
                "destination_address_prefix": "*",
                "destination_address_prefixes": [],
                "destination_application_security_group_ids": [],
                "destination_port_range": "3000",
                "destination_port_ranges": [],
                "direction": "Inbound",
                "name": "NodeJS",
                "priority": 1004,
                "protocol": "Tcp",
                "source_address_prefix": "*",
                "source_address_prefixes": [],
                "source_application_security_group_ids": [],
                "source_port_range": "*",
                "source_port_ranges": []
              },
              {
                "access": "Allow",
                "description": null,
                "destination_address_prefix": "*",
                "destination_address_prefixes": [],
                "destination_application_security_group_ids": [],
                "destination_port_range": "22",
                "destination_port_ranges": [],
                "direction": "Inbound",
                "name": "SSH",
                "priority": 1001,
                "protocol": "Tcp",
                "source_address_prefix": "*",
                "source_address_prefixes": [],
                "source_application_security_group_ids": [],
                "source_port_range": "*",
                "source_port_ranges": []
              },
              {
                "access": "Allow",
                "description": null,
                "destination_address_prefix": "*",
                "destination_address_prefixes": [],
                "destination_application_security_group_ids": [],
                "destination_port_range": "443",
                "destination_port_ranges": [],
                "direction": "Inbound",
                "name": "HTTPS",
                "priority": 1003,
                "protocol": "Tcp",
                "source_address_prefix": "*",
                "source_address_prefixes": [],
                "source_application_security_group_ids": [],
                "source_port_range": "*",
                "source_port_ranges": []
              },
              {
                "access": "Allow",
                "description": null,
                "destination_address_prefix": "*",
                "destination_address_prefixes": [],
                "destination_application_security_group_ids": [],
                "destination_port_range": "80",
                "destination_port_ranges": [],
                "direction": "Inbound",
                "name": "HTTP",
                "priority": 1002,
                "protocol": "Tcp",
                "source_address_prefix": "*",
                "source_address_prefixes": [],
                "source_application_security_group_ids": [],
                "source_port_range": "*",
                "source_port_ranges": []
              }
            ],
            "tags": {},
            "timeouts": null
          },
          "sensitive_attributes": [],
          "identity_schema_version": 0,
          "private": "eyJlMmJmYjczMC1lY2FhLTExZTYtOGY4OC0zNDM2M2JjN2M0YzAiOnsiY3JlYXRlIjoxODAwMDAwMDAwMDAwLCJkZWxldGUiOjE4MDAwMDAwMDAwMDAsInJlYWQiOjMwMDAwMDAwMDAwMCwidXBkYXRlIjoxODAwMDAwMDAwMDAwfX0=",
          "dependencies": [
            "azurerm_resource_group.rg"
          ]
        }
      ]
    },
    {
      "mode": "managed",
      "type": "azurerm_public_ip",
      "name": "pip",
      "provider": "provider[\"registry.terraform.io/hashicorp/azurerm\"]",
      "instances": [
        {
          "schema_version": 0,
          "attributes": {
            "allocation_method": "Static",
            "ddos_protection_mode": "VirtualNetworkInherited",
            "ddos_protection_plan_id": null,
            "domain_name_label": null,
            "edge_zone": "",
            "fqdn": null,
            "id": "/subscriptions/1b7536bb-1677-42c5-ac78-9e801bffa2fc/resourceGroups/rg-podman-nginx/providers/Microsoft.Network/publicIPAddresses/pip-podman-vm",
            "idle_timeout_in_minutes": 4,
            "ip_address": "20.69.158.189",
            "ip_tags": {},
            "ip_version": "IPv4",
            "location": "westus2",
            "name": "pip-podman-vm",
            "public_ip_prefix_id": null,
            "resource_group_name": "rg-podman-nginx",
            "reverse_fqdn": null,
            "sku": "Standard",
            "sku_tier": "Regional",
            "tags": {},
            "timeouts": null,
            "zones": []
          },
          "sensitive_attributes": [],
          "identity_schema_version": 0,
          "private": "eyJlMmJmYjczMC1lY2FhLTExZTYtOGY4OC0zNDM2M2JjN2M0YzAiOnsiY3JlYXRlIjoxODAwMDAwMDAwMDAwLCJkZWxldGUiOjE4MDAwMDAwMDAwMDAsInJlYWQiOjMwMDAwMDAwMDAwMCwidXBkYXRlIjoxODAwMDAwMDAwMDAwfX0=",
          "dependencies": [
            "azurerm_resource_group.rg"
          ]
        }
      ]
    },
    {
      "mode": "managed",
      "type": "azurerm_resource_group",
      "name": "rg",
      "provider": "provider[\"registry.terraform.io/hashicorp/azurerm\"]",
      "instances": [
        {
          "schema_version": 0,
          "attributes": {
            "id": "/subscriptions/1b7536bb-1677-42c5-ac78-9e801bffa2fc/resourceGroups/rg-podman-nginx",
            "location": "westus2",
            "managed_by": "",
            "name": "rg-podman-nginx",
            "tags": {},
            "timeouts": null
          },
          "sensitive_attributes": [],
          "identity_schema_version": 0,
          "private": "eyJlMmJmYjczMC1lY2FhLTExZTYtOGY4OC0zNDM2M2JjN2M0YzAiOnsiY3JlYXRlIjo1NDAwMDAwMDAwMDAwLCJkZWxldGUiOjU0MDAwMDAwMDAwMDAsInJlYWQiOjMwMDAwMDAwMDAwMCwidXBkYXRlIjo1NDAwMDAwMDAwMDAwfX0="
        }
      ]
    },
    {
      "mode": "managed",
      "type": "azurerm_subnet",
      "name": "subnet",
      "provider": "provider[\"registry.terraform.io/hashicorp/azurerm\"]",
      "instances": [
        {
          "schema_version": 0,
          "attributes": {
            "address_prefixes": [
              "10.0.1.0/24"
            ],
            "default_outbound_access_enabled": true,
            "delegation": [],
            "enforce_private_link_endpoint_network_policies": false,
            "enforce_private_link_service_network_policies": false,
            "id": "/subscriptions/1b7536bb-1677-42c5-ac78-9e801bffa2fc/resourceGroups/rg-podman-nginx/providers/Microsoft.Network/virtualNetworks/vnet-podman/subnets/subnet-podman",
            "name": "subnet-podman",
            "private_endpoint_network_policies": "Enabled",
            "private_endpoint_network_policies_enabled": true,
            "private_link_service_network_policies_enabled": true,
            "resource_group_name": "rg-podman-nginx",
            "service_endpoint_policy_ids": [],
            "service_endpoints": [],
            "timeouts": null,
            "virtual_network_name": "vnet-podman"
          },
          "sensitive_attributes": [],
          "identity_schema_version": 0,
          "private": "eyJlMmJmYjczMC1lY2FhLTExZTYtOGY4OC0zNDM2M2JjN2M0YzAiOnsiY3JlYXRlIjoxODAwMDAwMDAwMDAwLCJkZWxldGUiOjE4MDAwMDAwMDAwMDAsInJlYWQiOjMwMDAwMDAwMDAwMCwidXBkYXRlIjoxODAwMDAwMDAwMDAwfX0=",
          "dependencies": [
            "azurerm_resource_group.rg",
            "azurerm_virtual_network.vnet"
          ]
        }
      ]
    },
    {
      "mode": "managed",
      "type": "azurerm_virtual_network",
      "name": "vnet",
      "provider": "provider[\"registry.terraform.io/hashicorp/azurerm\"]",
      "instances": [
        {
          "schema_version": 0,
          "attributes": {
            "address_space": [
              "10.0.0.0/16"
            ],
            "bgp_community": "",
            "ddos_protection_plan": [],
            "dns_servers": [],
            "edge_zone": "",
            "encryption": [],
            "flow_timeout_in_minutes": 0,
            "guid": "c55eaf44-7ccc-4946-b572-7cfa2fe57d15",
            "id": "/subscriptions/1b7536bb-1677-42c5-ac78-9e801bffa2fc/resourceGroups/rg-podman-nginx/providers/Microsoft.Network/virtualNetworks/vnet-podman",
            "location": "westus2",
            "name": "vnet-podman",
            "resource_group_name": "rg-podman-nginx",
            "subnet": [
              {
                "address_prefix": "10.0.1.0/24",
                "id": "/subscriptions/1b7536bb-1677-42c5-ac78-9e801bffa2fc/resourceGroups/rg-podman-nginx/providers/Microsoft.Network/virtualNetworks/vnet-podman/subnets/subnet-podman",
                "name": "subnet-podman",
                "security_group": ""
              },
              {
                "address_prefix": "10.0.2.0/24",
                "id": "/subscriptions/1b7536bb-1677-42c5-ac78-9e801bffa2fc/resourceGroups/rg-podman-nginx/providers/Microsoft.Network/virtualNetworks/vnet-podman/subnets/subnet-aks",
                "name": "subnet-aks",
                "security_group": ""
              }
            ],
            "tags": {},
            "timeouts": null
          },
          "sensitive_attributes": [],
          "identity_schema_version": 0,
          "private": "eyJlMmJmYjczMC1lY2FhLTExZTYtOGY4OC0zNDM2M2JjN2M0YzAiOnsiY3JlYXRlIjoxODAwMDAwMDAwMDAwLCJkZWxldGUiOjE4MDAwMDAwMDAwMDAsInJlYWQiOjMwMDAwMDAwMDAwMCwidXBkYXRlIjoxODAwMDAwMDAwMDAwfX0=",
          "dependencies": [
            "azurerm_resource_group.rg"
          ]
        }
      ]
    },
    {
      "mode": "managed",
      "type": "random_string",
      "name": "acr_suffix",
      "provider": "provider[\"registry.terraform.io/hashicorp/random\"]",
      "instances": [
        {
          "schema_version": 2,
          "attributes": {
            "id": "5387zf1i",
            "keepers": null,
            "length": 8,
            "lower": true,
            "min_lower": 0,
            "min_numeric": 0,
            "min_special": 0,
            "min_upper": 0,
            "number": true,
            "numeric": true,
            "override_special": null,
            "result": "5387zf1i",
            "special": false,
            "upper": false
          },
          "sensitive_attributes": [],
          "identity_schema_version": 0
        }
      ]
    },
    {
      "mode": "managed",
      "type": "tls_private_key",
      "name": "ssh",
      "provider": "provider[\"registry.terraform.io/hashicorp/tls\"]",
      "instances": [
        {
          "schema_version": 1,
          "attributes": {
            "algorithm": "RSA",
            "ecdsa_curve": "P224",
            "id": "b0850a96e63153c107b26061d0124449b8fca79a",
            "private_key_openssh": "-----BEGIN OPENSSH PRIVATE KEY-----\nb3BlbnNzaC1rZXktdjEAAAAABG5vbmUAAAAEbm9uZQAAAAAAAAABAAACFwAAAAdz\nc2gtcnNhAAAAAwEAAQAAAgEAzSNkp/nHaXysInjj9oFfwoBi9QZvAPb8yAZPsEPR\nkm+sfb5NV7ZpldvdXZh2bIvCpZKsmDZZu9iJAsYtxkYUzox/beYgrCp8t1X4NiTu\nzVLKlYCBfDdHXHMvg1Rdf/AXk+tbnJLFo5b4RbO2bSrWZc+hm4JaPdSabL0Ufl/M\nXZ/aRrHQ7Ayvxq5v12pE2c02X0KSvK3CO+YLDtc9TMoDMIo2dOdeW+l6E++bhvF5\nS8LiP11uwaJYn8lDqOjovtJDIU+KKrsxyeZy9lrsYLRDd4L9sKo2r5dB5h8cSQ6y\nIZ+gC3e2T7m8VBC9qgUAcslCH3ASxea4QjDZywLVQrmCZisx+tBFHnqT5PudZDjg\n5/ypjDMHE4O4cY1iJ6fI1N8o0iqbmKhQQEggUPREviorMWbzToKxVm3anFYKWjYX\nj4bp2W4IIrgco1x7fHoYaF812IEOPOXzE+PZhnzFpaqhlpGIzElZ+ddf0jqoKI+C\nIXUY4ELBqKbodHgaE4SH4c6cF2eIEGryD6LhpOlJ37Z1D/UcJ1uJGuEsbjkdskht\nKbmytWwEBtQwoX0XZpVzezRNmDtocTFUfEDKnH3ge/0GgfGoMXcQqgdiAJIC++F+\npt8yKvg7iuLST5av++M+j4n6+lqneVcNpPqToOMkcBEdM7jjonctcQWGHf5OBd6p\n5IMAAAc4qKeb36inm98AAAAHc3NoLXJzYQAAAgEAzSNkp/nHaXysInjj9oFfwoBi\n9QZvAPb8yAZPsEPRkm+sfb5NV7ZpldvdXZh2bIvCpZKsmDZZu9iJAsYtxkYUzox/\nbeYgrCp8t1X4NiTuzVLKlYCBfDdHXHMvg1Rdf/AXk+tbnJLFo5b4RbO2bSrWZc+h\nm4JaPdSabL0Ufl/MXZ/aRrHQ7Ayvxq5v12pE2c02X0KSvK3CO+YLDtc9TMoDMIo2\ndOdeW+l6E++bhvF5S8LiP11uwaJYn8lDqOjovtJDIU+KKrsxyeZy9lrsYLRDd4L9\nsKo2r5dB5h8cSQ6yIZ+gC3e2T7m8VBC9qgUAcslCH3ASxea4QjDZywLVQrmCZisx\n+tBFHnqT5PudZDjg5/ypjDMHE4O4cY1iJ6fI1N8o0iqbmKhQQEggUPREviorMWbz\nToKxVm3anFYKWjYXj4bp2W4IIrgco1x7fHoYaF812IEOPOXzE+PZhnzFpaqhlpGI\nzElZ+ddf0jqoKI+CIXUY4ELBqKbodHgaE4SH4c6cF2eIEGryD6LhpOlJ37Z1D/Uc\nJ1uJGuEsbjkdskhtKbmytWwEBtQwoX0XZpVzezRNmDtocTFUfEDKnH3ge/0GgfGo\nMXcQqgdiAJIC++F+pt8yKvg7iuLST5av++M+j4n6+lqneVcNpPqToOMkcBEdM7jj\nonctcQWGHf5OBd6p5IMAAAADAQABAAACAEtNfkIhMT/6WY/v87LGDBpwmaLbgT0H\n7YQZuP/57UEFiHrCNE8J8Zlm08xrTrGK3mF8Rao8bVVE6AqiKCR8DmBB9/cmPoEk\nuZJtVwe9KAIsLZySxzWLb0EzMVJS0l3IC0er4n3H7RAft7SSg1lwm7JU9TyKLck7\ntZJMGG1JilIl/3DrDkfQYmgbGYgohOy05Ywzen0ThdUKHa4Nef2pvGEBo3rngd5Y\nhw0xbFStaLrUZ8wd5q3jBAhnz9P9545Azg64zX3hKKY2V6Yye0oGciu5ZJoI6bks\nW673ZaE16VLpb002XTDH/CeZ253BZ0g7s++pauLFzobRuulIeXOceI6TSBOlyxz+\nVqbU4y1HPUK39seWYYVjPfwP9ymHF4DJ/HgKx5i7w3jRlxcI+rCEEASlzkcfShz4\nUx9Y/GtGkeZxwxtQP+fJht1EPQSCElTYhGuyVwHZ9VXyvyqqFMJKJBbgJ8m0r8A0\n8y9zYbKoua/97wRpE1g3ixx812f9frYi+zjCI2Jignek2N+kpzKZv0O/ZEHXJLQ5\n152C/DbAIMzGxO6Yv+9bLNLxtVbrw/Hx9i8YvxafbthNUznup/TRi2JY7A7tU8lO\nUQhGr99R4sS1IZipXcnpnVFT5Ltn08lTRW5fZwzrQTRFbTDt8o+zxSILVzvGtVSS\n4aDyYXd40lp1AAABAQC2GAcBi1PPplJDLrbP72XWxas4LB7tN6Zy46uPmQHJVrFs\nuE2kkjxHQvqeqXaFHCWlK5BzdFYNtCrE1I50R35LMpqaqLhKqm9u56zuBAwmt4fH\nfmETpaA2c0kcplrxBjnB501uWJVRUZRAF1hWk63xa7ZbmbzDsmMk7oK+Ydogpfy5\neenkQtAF34oQpielR+Zv3cq6+RYcBFLAF5tszZabXwsEsfxSIdujcSjgBeYk+GSq\nL5O7OKufKuSryzxKL2XHeFQZ3sco2pQjd4fvVSsqi5y9nYOua/Syq7WG7V9m2DMv\nJSRZ+/4GJQJPphcj1pf9N6erqLDY/Ty1LKZqxGeCAAABAQDwFj/7jaVLi7KDGYct\nSmqgp/rW33L6A3h4Ouk4fxQE/E1V6S4D0qsRhxRPTviRk5rEk/MdlB+ABgIsQEMq\nh57BKQJ9dPoCZQH2aljxgQJkWoVOtH3d8c/GVsKlq2Kyv2ZXJxrTD+nZ/8EyvPHC\nocPD79rLDP3rDz+Oxl9nkJVnpMbl2SjjEU0Mt+bDV0vjuAN4c9VD2jKKg6DBv1Ys\nyPPCXJyYwGgfbO1sfvV0yG8qgWwEwiuQ3tjSJQYk2DBIHLwGj7pG7TvvpVZkS+T6\n0ENVHrnrArPBdYyHH3chRulsjfnmCixN7Hs99gfNe6E/mO+K14GwifpCjTgYTxb/\nxZfXAAABAQDavCQS0NgdN5dTzutQ41iTZ3IjFyFjmizeUSNkjl/LUkddYvrmrSy0\npkl1/4elUu3o4xL/PmFd3tI6/O+ivVHUMVvKfjo51iQSOjohD1CKIGvRTQiGX0gl\nvDZaQtvqOLjj2IpmCmsyy4sdy6Qqb2xwfQj6a08TxeHJ1eZs+DI7x8cesTPh3zcq\n/Cf1XJZgrrhyVeRFd2Y3v5uySqvOhN5FgmyYj9CfZ90MiGjbubVUZWer+MY9uG44\nHwQr1y0lLkLHUini7zZf2/b79ffTfSlpu/O8fOzH45Cf7Wb2NqdVLswaTF8TE+YG\njmNRkGEloFGE1Bh/aoEIjX+e5dOp15M1AAAAAAEC\n-----END OPENSSH PRIVATE KEY-----\n",
            "private_key_pem": "-----BEGIN RSA PRIVATE KEY-----\nMIIJKgIBAAKCAgEAzSNkp/nHaXysInjj9oFfwoBi9QZvAPb8yAZPsEPRkm+sfb5N\nV7ZpldvdXZh2bIvCpZKsmDZZu9iJAsYtxkYUzox/beYgrCp8t1X4NiTuzVLKlYCB\nfDdHXHMvg1Rdf/AXk+tbnJLFo5b4RbO2bSrWZc+hm4JaPdSabL0Ufl/MXZ/aRrHQ\n7Ayvxq5v12pE2c02X0KSvK3CO+YLDtc9TMoDMIo2dOdeW+l6E++bhvF5S8LiP11u\nwaJYn8lDqOjovtJDIU+KKrsxyeZy9lrsYLRDd4L9sKo2r5dB5h8cSQ6yIZ+gC3e2\nT7m8VBC9qgUAcslCH3ASxea4QjDZywLVQrmCZisx+tBFHnqT5PudZDjg5/ypjDMH\nE4O4cY1iJ6fI1N8o0iqbmKhQQEggUPREviorMWbzToKxVm3anFYKWjYXj4bp2W4I\nIrgco1x7fHoYaF812IEOPOXzE+PZhnzFpaqhlpGIzElZ+ddf0jqoKI+CIXUY4ELB\nqKbodHgaE4SH4c6cF2eIEGryD6LhpOlJ37Z1D/UcJ1uJGuEsbjkdskhtKbmytWwE\nBtQwoX0XZpVzezRNmDtocTFUfEDKnH3ge/0GgfGoMXcQqgdiAJIC++F+pt8yKvg7\niuLST5av++M+j4n6+lqneVcNpPqToOMkcBEdM7jjonctcQWGHf5OBd6p5IMCAwEA\nAQKCAgBLTX5CITE/+lmP7/OyxgwacJmi24E9B+2EGbj/+e1BBYh6wjRPCfGZZtPM\na06xit5hfEWqPG1VROgKoigkfA5gQff3Jj6BJLmSbVcHvSgCLC2cksc1i29BMzFS\nUtJdyAtHq+J9x+0QH7e0koNZcJuyVPU8ii3JO7WSTBhtSYpSJf9w6w5H0GJoGxmI\nKITstOWMM3p9E4XVCh2uDXn9qbxhAaN654HeWIcNMWxUrWi61GfMHeat4wQIZ8/T\n/eeOQM4OuM194SimNlemMntKBnIruWSaCOm5LFuu92WhNelS6W9NNl0wx/wnmdud\nwWdIO7PvqWrixc6G0brpSHlznHiOk0gTpcsc/lam1OMtRz1Ct/bHlmGFYz38D/cp\nhxeAyfx4CseYu8N40ZcXCPqwhBAEpc5HH0oc+FMfWPxrRpHmccMbUD/nyYbdRD0E\nghJU2IRrslcB2fVV8r8qqhTCSiQW4CfJtK/ANPMvc2GyqLmv/e8EaRNYN4scfNdn\n/X62Ivs4wiNiYoJ3pNjfpKcymb9Dv2RB1yS0Odedgvw2wCDMxsTumL/vWyzS8bVW\n68Px8fYvGL8Wn27YTVM57qf00YtiWOwO7VPJTlEIRq/fUeLEtSGYqV3J6Z1RU+S7\nZ9PJU0VuX2cM60E0RW0w7fKPs8UiC1c7xrVUkuGg8mF3eNJadQKCAQEA8BY/+42l\nS4uygxmHLUpqoKf61t9y+gN4eDrpOH8UBPxNVekuA9KrEYcUT074kZOaxJPzHZQf\ngAYCLEBDKoeewSkCfXT6AmUB9mpY8YECZFqFTrR93fHPxlbCpatisr9mVyca0w/p\n2f/BMrzxwqHDw+/aywz96w8/jsZfZ5CVZ6TG5dko4xFNDLfmw1dL47gDeHPVQ9oy\nioOgwb9WLMjzwlycmMBoH2ztbH71dMhvKoFsBMIrkN7Y0iUGJNgwSBy8Bo+6Ru07\n76VWZEvk+tBDVR656wKzwXWMhx93IUbpbI355gosTex7PfYHzXuhP5jviteBsIn6\nQo04GE8W/8WX1wKCAQEA2rwkEtDYHTeXU87rUONYk2dyIxchY5os3lEjZI5fy1JH\nXWL65q0stKZJdf+HpVLt6OMS/z5hXd7SOvzvor1R1DFbyn46OdYkEjo6IQ9QiiBr\n0U0Ihl9IJbw2WkLb6ji449iKZgprMsuLHcukKm9scH0I+mtPE8XhydXmbPgyO8fH\nHrEz4d83Kvwn9VyWYK64clXkRXdmN7+bskqrzoTeRYJsmI/Qn2fdDIho27m1VGVn\nq/jGPbhuOB8EK9ctJS5Cx1Ip4u82X9v2+/X3030pabvzvHzsx+OQn+1m9janVS7M\nGkxfExPmBo5jUZBhJaBRhNQYf2qBCI1/nuXTqdeTNQKCAQEAyeocg2YcBw4E4sb8\nbbWxOU4s4rtoCiYTEiKRdAdEAfFi5QbHwUVSw9nz1cNXv68AsaSwCUdCurvS5f5h\nvonylQb1ZieT/6GNZf0IsotKRLXweUHIvXkZwffDmesqhaP84P0tTSaMCOBUTmSj\neonrh4TYYH6bqi3XyS7Cm+n4DQOCl1nsThOF1lVvyQdI9soSeSIJ0RfX+7A56dgO\nFHoor2SN+tWOfCdzAhVAP6g1/ex8uP/H/f29IfcrVJ9Q88TeyTHlerMX/jLyFkXR\n3LJ8fkDqIWDTZreCqT1oRl9J/xbkfXg+zIY/G9wnscPw1/i6NO2Lz7oq8/+qlp8l\ne5RlXwKCAQEArrZWbf0IkhXENrnxNZPSPTMEdMjV75PHQPA4P+qE04dt30bfN3+d\nVNH5nVm0hDYAN+OgWeX+qZb//wPneOqVQNMICW7XnTjRaQm/QobUAvAwjmZkZ8gV\nfaafF2uN8sDJ1Zwxt52c0F7KSMtO3mJPkG4ezL8H07hcR/Ylbma04REKmBZcZY8A\npsHwPMhuiN0mEJVQlrfvGppeh4OjRXrVe1nY2ecNcTXp10fh0Ze9IaM5sqAr4EK/\nLu5/S3E86xTPXBvhvxTpLpoo5koqYG/5sy3gWm7CRksbStK6SfGPqLePaXYU/s0H\nD7eN1ylmn0I1us4anzN3y1gSVt4mOeQp/QKCAQEAthgHAYtTz6ZSQy62z+9l1sWr\nOCwe7TemcuOrj5kByVaxbLhNpJI8R0L6nql2hRwlpSuQc3RWDbQqxNSOdEd+SzKa\nmqi4Sqpvbues7gQMJreHx35hE6WgNnNJHKZa8QY5wedNbliVUVGUQBdYVpOt8Wu2\nW5m8w7JjJO6CvmHaIKX8uXnp5ELQBd+KEKYnpUfmb93KuvkWHARSwBebbM2Wm18L\nBLH8UiHbo3Eo4AXmJPhkqi+Tuzirnyrkq8s8Si9lx3hUGd7HKNqUI3eH71UrKouc\nvZ2Drmv0squ1hu1fZtgzLyUkWfv+BiUCT6YXI9aX/Tenq6iw2P08tSymasRngg==\n-----END RSA PRIVATE KEY-----\n",
            "private_key_pem_pkcs8": "-----BEGIN PRIVATE KEY-----\nMIIJRAIBADANBgkqhkiG9w0BAQEFAASCCS4wggkqAgEAAoICAQDNI2Sn+cdpfKwi\neOP2gV/CgGL1Bm8A9vzIBk+wQ9GSb6x9vk1XtmmV291dmHZsi8KlkqyYNlm72IkC\nxi3GRhTOjH9t5iCsKny3Vfg2JO7NUsqVgIF8N0dccy+DVF1/8BeT61ucksWjlvhF\ns7ZtKtZlz6Gbglo91JpsvRR+X8xdn9pGsdDsDK/Grm/XakTZzTZfQpK8rcI75gsO\n1z1MygMwijZ0515b6XoT75uG8XlLwuI/XW7BolifyUOo6Oi+0kMhT4oquzHJ5nL2\nWuxgtEN3gv2wqjavl0HmHxxJDrIhn6ALd7ZPubxUEL2qBQByyUIfcBLF5rhCMNnL\nAtVCuYJmKzH60EUeepPk+51kOODn/KmMMwcTg7hxjWInp8jU3yjSKpuYqFBASCBQ\n9ES+KisxZvNOgrFWbdqcVgpaNhePhunZbggiuByjXHt8ehhoXzXYgQ485fMT49mG\nfMWlqqGWkYjMSVn511/SOqgoj4IhdRjgQsGopuh0eBoThIfhzpwXZ4gQavIPouGk\n6UnftnUP9RwnW4ka4SxuOR2ySG0pubK1bAQG1DChfRdmlXN7NE2YO2hxMVR8QMqc\nfeB7/QaB8agxdxCqB2IAkgL74X6m3zIq+DuK4tJPlq/74z6Pifr6Wqd5Vw2k+pOg\n4yRwER0zuOOidy1xBYYd/k4F3qnkgwIDAQABAoICAEtNfkIhMT/6WY/v87LGDBpw\nmaLbgT0H7YQZuP/57UEFiHrCNE8J8Zlm08xrTrGK3mF8Rao8bVVE6AqiKCR8DmBB\n9/cmPoEkuZJtVwe9KAIsLZySxzWLb0EzMVJS0l3IC0er4n3H7RAft7SSg1lwm7JU\n9TyKLck7tZJMGG1JilIl/3DrDkfQYmgbGYgohOy05Ywzen0ThdUKHa4Nef2pvGEB\no3rngd5Yhw0xbFStaLrUZ8wd5q3jBAhnz9P9545Azg64zX3hKKY2V6Yye0oGciu5\nZJoI6bksW673ZaE16VLpb002XTDH/CeZ253BZ0g7s++pauLFzobRuulIeXOceI6T\nSBOlyxz+VqbU4y1HPUK39seWYYVjPfwP9ymHF4DJ/HgKx5i7w3jRlxcI+rCEEASl\nzkcfShz4Ux9Y/GtGkeZxwxtQP+fJht1EPQSCElTYhGuyVwHZ9VXyvyqqFMJKJBbg\nJ8m0r8A08y9zYbKoua/97wRpE1g3ixx812f9frYi+zjCI2Jignek2N+kpzKZv0O/\nZEHXJLQ5152C/DbAIMzGxO6Yv+9bLNLxtVbrw/Hx9i8YvxafbthNUznup/TRi2JY\n7A7tU8lOUQhGr99R4sS1IZipXcnpnVFT5Ltn08lTRW5fZwzrQTRFbTDt8o+zxSIL\nVzvGtVSS4aDyYXd40lp1AoIBAQDwFj/7jaVLi7KDGYctSmqgp/rW33L6A3h4Ouk4\nfxQE/E1V6S4D0qsRhxRPTviRk5rEk/MdlB+ABgIsQEMqh57BKQJ9dPoCZQH2aljx\ngQJkWoVOtH3d8c/GVsKlq2Kyv2ZXJxrTD+nZ/8EyvPHCocPD79rLDP3rDz+Oxl9n\nkJVnpMbl2SjjEU0Mt+bDV0vjuAN4c9VD2jKKg6DBv1YsyPPCXJyYwGgfbO1sfvV0\nyG8qgWwEwiuQ3tjSJQYk2DBIHLwGj7pG7TvvpVZkS+T60ENVHrnrArPBdYyHH3ch\nRulsjfnmCixN7Hs99gfNe6E/mO+K14GwifpCjTgYTxb/xZfXAoIBAQDavCQS0Ngd\nN5dTzutQ41iTZ3IjFyFjmizeUSNkjl/LUkddYvrmrSy0pkl1/4elUu3o4xL/PmFd\n3tI6/O+ivVHUMVvKfjo51iQSOjohD1CKIGvRTQiGX0glvDZaQtvqOLjj2IpmCmsy\ny4sdy6Qqb2xwfQj6a08TxeHJ1eZs+DI7x8cesTPh3zcq/Cf1XJZgrrhyVeRFd2Y3\nv5uySqvOhN5FgmyYj9CfZ90MiGjbubVUZWer+MY9uG44HwQr1y0lLkLHUini7zZf\n2/b79ffTfSlpu/O8fOzH45Cf7Wb2NqdVLswaTF8TE+YGjmNRkGEloFGE1Bh/aoEI\njX+e5dOp15M1AoIBAQDJ6hyDZhwHDgTixvxttbE5Tiziu2gKJhMSIpF0B0QB8WLl\nBsfBRVLD2fPVw1e/rwCxpLAJR0K6u9Ll/mG+ifKVBvVmJ5P/oY1l/Qiyi0pEtfB5\nQci9eRnB98OZ6yqFo/zg/S1NJowI4FROZKN6ieuHhNhgfpuqLdfJLsKb6fgNA4KX\nWexOE4XWVW/JB0j2yhJ5IgnRF9f7sDnp2A4UeiivZI361Y58J3MCFUA/qDX97Hy4\n/8f9/b0h9ytUn1DzxN7JMeV6sxf+MvIWRdHcsnx+QOohYNNmt4KpPWhGX0n/FuR9\neD7Mhj8b3Cexw/DX+Lo07YvPuirz/6qWnyV7lGVfAoIBAQCutlZt/QiSFcQ2ufE1\nk9I9MwR0yNXvk8dA8Dg/6oTTh23fRt83f51U0fmdWbSENgA346BZ5f6plv//A+d4\n6pVA0wgJbtedONFpCb9ChtQC8DCOZmRnyBV9pp8Xa43ywMnVnDG3nZzQXspIy07e\nYk+Qbh7MvwfTuFxH9iVuZrThEQqYFlxljwCmwfA8yG6I3SYQlVCWt+8aml6Hg6NF\netV7WdjZ5w1xNenXR+HRl70hozmyoCvgQr8u7n9LcTzrFM9cG+G/FOkumijmSipg\nb/mzLeBabsJGSxtK0rpJ8Y+ot49pdhT+zQcPt43XKWafQjW6zhqfM3fLWBJW3iY5\n5Cn9AoIBAQC2GAcBi1PPplJDLrbP72XWxas4LB7tN6Zy46uPmQHJVrFsuE2kkjxH\nQvqeqXaFHCWlK5BzdFYNtCrE1I50R35LMpqaqLhKqm9u56zuBAwmt4fHfmETpaA2\nc0kcplrxBjnB501uWJVRUZRAF1hWk63xa7ZbmbzDsmMk7oK+Ydogpfy5eenkQtAF\n34oQpielR+Zv3cq6+RYcBFLAF5tszZabXwsEsfxSIdujcSjgBeYk+GSqL5O7OKuf\nKuSryzxKL2XHeFQZ3sco2pQjd4fvVSsqi5y9nYOua/Syq7WG7V9m2DMvJSRZ+/4G\nJQJPphcj1pf9N6erqLDY/Ty1LKZqxGeC\n-----END PRIVATE KEY-----\n",
            "public_key_fingerprint_md5": "04:a2:2c:68:09:cd:48:46:81:c6:0d:36:7e:d2:e0:05",
            "public_key_fingerprint_sha256": "SHA256:kGPVneYuZ9Ju3DgVfW4uqv3a/0z0rb5lY5K5yJ7p4HM",
            "public_key_openssh": "ssh-rsa AAAAB3NzaC1yc2EAAAADAQABAAACAQDNI2Sn+cdpfKwieOP2gV/CgGL1Bm8A9vzIBk+wQ9GSb6x9vk1XtmmV291dmHZsi8KlkqyYNlm72IkCxi3GRhTOjH9t5iCsKny3Vfg2JO7NUsqVgIF8N0dccy+DVF1/8BeT61ucksWjlvhFs7ZtKtZlz6Gbglo91JpsvRR+X8xdn9pGsdDsDK/Grm/XakTZzTZfQpK8rcI75gsO1z1MygMwijZ0515b6XoT75uG8XlLwuI/XW7BolifyUOo6Oi+0kMhT4oquzHJ5nL2WuxgtEN3gv2wqjavl0HmHxxJDrIhn6ALd7ZPubxUEL2qBQByyUIfcBLF5rhCMNnLAtVCuYJmKzH60EUeepPk+51kOODn/KmMMwcTg7hxjWInp8jU3yjSKpuYqFBASCBQ9ES+KisxZvNOgrFWbdqcVgpaNhePhunZbggiuByjXHt8ehhoXzXYgQ485fMT49mGfMWlqqGWkYjMSVn511/SOqgoj4IhdRjgQsGopuh0eBoThIfhzpwXZ4gQavIPouGk6UnftnUP9RwnW4ka4SxuOR2ySG0pubK1bAQG1DChfRdmlXN7NE2YO2hxMVR8QMqcfeB7/QaB8agxdxCqB2IAkgL74X6m3zIq+DuK4tJPlq/74z6Pifr6Wqd5Vw2k+pOg4yRwER0zuOOidy1xBYYd/k4F3qnkgw==\n",
            "public_key_pem": "-----BEGIN PUBLIC KEY-----\nMIICIjANBgkqhkiG9w0BAQEFAAOCAg8AMIICCgKCAgEAzSNkp/nHaXysInjj9oFf\nwoBi9QZvAPb8yAZPsEPRkm+sfb5NV7ZpldvdXZh2bIvCpZKsmDZZu9iJAsYtxkYU\nzox/beYgrCp8t1X4NiTuzVLKlYCBfDdHXHMvg1Rdf/AXk+tbnJLFo5b4RbO2bSrW\nZc+hm4JaPdSabL0Ufl/MXZ/aRrHQ7Ayvxq5v12pE2c02X0KSvK3CO+YLDtc9TMoD\nMIo2dOdeW+l6E++bhvF5S8LiP11uwaJYn8lDqOjovtJDIU+KKrsxyeZy9lrsYLRD\nd4L9sKo2r5dB5h8cSQ6yIZ+gC3e2T7m8VBC9qgUAcslCH3ASxea4QjDZywLVQrmC\nZisx+tBFHnqT5PudZDjg5/ypjDMHE4O4cY1iJ6fI1N8o0iqbmKhQQEggUPREvior\nMWbzToKxVm3anFYKWjYXj4bp2W4IIrgco1x7fHoYaF812IEOPOXzE+PZhnzFpaqh\nlpGIzElZ+ddf0jqoKI+CIXUY4ELBqKbodHgaE4SH4c6cF2eIEGryD6LhpOlJ37Z1\nD/UcJ1uJGuEsbjkdskhtKbmytWwEBtQwoX0XZpVzezRNmDtocTFUfEDKnH3ge/0G\ngfGoMXcQqgdiAJIC++F+pt8yKvg7iuLST5av++M+j4n6+lqneVcNpPqToOMkcBEd\nM7jjonctcQWGHf5OBd6p5IMCAwEAAQ==\n-----END PUBLIC KEY-----\n",
            "rsa_bits": 4096
          },
          "sensitive_attributes": [
            [
              {
                "type": "get_attr",
                "value": "private_key_openssh"
              }
            ],
            [
              {
                "type": "get_attr",
                "value": "private_key_pem"
              }
            ],
            [
              {
                "type": "get_attr",
                "value": "private_key_pem_pkcs8"
              }
            ]
          ],
          "identity_schema_version": 0
        }
      ]
    }
  ],
  "check_results": null
}
